
Microsoft Visual Studio Solution File, Format Version 12.00
# Visual Studio Version 16
VisualStudioVersion = 16.0.30503.244
MinimumVisualStudioVersion = 10.0.40219.1
Project("{9A19103F-16F7-4668-BE54-9A1E7A4F7556}") = "RubiCards21", "RubiCards21\RubiCards21.csproj", "{28919EBE-D52F-4B36-9F01-D9A8010CD4D4}"
EndProject
Project("{9A19103F-16F7-4668-BE54-9A1E7A4F7556}") = "AynchroSample", "AynchroSample\AynchroSample.csproj", "{1156D0E2-C1D9-43D5-A054-821A55ABA17E}"
EndProject
Project("{9A19103F-16F7-4668-BE54-9A1E7A4F7556}") = "NetworkSample.Server", "NetworkSample\NetworkSample.Server.csproj", "{F20F07BC-D8B6-4327-B799-D42224BA249D}"
EndProject
Project("{9A19103F-16F7-4668-BE54-9A1E7A4F7556}") = "NetworkSampleClient", "NetworkSampleClient\NetworkSampleClient.csproj", "{DCD0B2BA-5819-4899-9779-7C7A7EEAE601}"
EndProject
Project("{9A19103F-16F7-4668-BE54-9A1E7A4F7556}") = "SampleWebService", "SampleWebService\SampleWebService.csproj", "{D0F66F38-DA09-412B-B680-3E0C3F80DAF7}"
EndProject
Project("{9A19103F-16F7-4668-BE54-9A1E7A4F7556}") = "ShiFuMiTournament", "ShiFuMiTournament\ShiFuMiTournament.csproj", "{C8A95CEC-DE6D-4BB3-94A7-AFB67A3E4722}"
EndProject
Project("{FAE04EC0-301F-11D3-BF4B-00C04F79EFBC}") = "ShifumiTournament.Client", "ShifumiTournament.Client\ShifumiTournament.Client.csproj", "{929CF8F9-56BA-45C5-9B44-BF8ADD91BF66}"
EndProject
Global
	GlobalSection(SolutionConfigurationPlatforms) = preSolution
		Debug|Any CPU = Debug|Any CPU
		Release|Any CPU = Release|Any CPU
	EndGlobalSection
	GlobalSection(ProjectConfigurationPlatforms) = postSolution
		{28919EBE-D52F-4B36-9F01-D9A8010CD4D4}.Debug|Any CPU.ActiveCfg = Debug|Any CPU
		{28919EBE-D52F-4B36-9F01-D9A8010CD4D4}.Debug|Any CPU.Build.0 = Debug|Any CPU
		{28919EBE-D52F-4B36-9F01-D9A8010CD4D4}.Release|Any CPU.ActiveCfg = Release|Any CPU
		{28919EBE-D52F-4B36-9F01-D9A8010CD4D4}.Release|Any CPU.Build.0 = Release|Any CPU
		{1156D0E2-C1D9-43D5-A054-821A55ABA17E}.Debug|Any CPU.ActiveCfg = Debug|Any CPU
		{1156D0E2-C1D9-43D5-A054-821A55ABA17E}.Debug|Any CPU.Build.0 = Debug|Any CPU
		{1156D0E2-C1D9-43D5-A054-821A55ABA17E}.Release|Any CPU.ActiveCfg = Release|Any CPU
		{1156D0E2-C1D9-43D5-A054-821A55ABA17E}.Release|Any CPU.Build.0 = Release|Any CPU
		{F20F07BC-D8B6-4327-B799-D42224BA249D}.Debug|Any CPU.ActiveCfg = Debug|Any CPU
		{F20F07BC-D8B6-4327-B799-D42224BA249D}.Debug|Any CPU.Build.0 = Debug|Any CPU
		{F20F07BC-D8B6-4327-B799-D42224BA249D}.Release|Any CPU.ActiveCfg = Release|Any CPU
		{F20F07BC-D8B6-4327-B799-D42224BA249D}.Release|Any CPU.Build.0 = Release|Any CPU
		{DCD0B2BA-5819-4899-9779-7C7A7EEAE601}.Debug|Any CPU.ActiveCfg = Debug|Any CPU
		{DCD0B2BA-5819-4899-9779-7C7A7EEAE601}.Debug|Any CPU.Build.0 = Debug|Any CPU
		{DCD0B2BA-5819-4899-9779-7C7A7EEAE601}.Release|Any CPU.ActiveCfg = Release|Any CPU
		{DCD0B2BA-5819-4899-9779-7C7A7EEAE601}.Release|Any CPU.Build.0 = Release|Any CPU
		{D0F66F38-DA09-412B-B680-3E0C3F80DAF7}.Debug|Any CPU.ActiveCfg = Debug|Any CPU
		{D0F66F38-DA09-412B-B680-3E0C3F80DAF7}.Debug|Any CPU.Build.0 = Debug|Any CPU
		{D0F66F38-DA09-412B-B680-3E0C3F80DAF7}.Release|Any CPU.ActiveCfg = Release|Any CPU
		{D0F66F38-DA09-412B-B680-3E0C3F80DAF7}.Release|Any CPU.Build.0 = Release|Any CPU
		{C8A95CEC-DE6D-4BB3-94A7-AFB67A3E4722}.Debug|Any CPU.ActiveCfg = Debug|Any CPU
		{C8A95CEC-DE6D-4BB3-94A7-AFB67A3E4722}.Debug|Any CPU.Build.0 = Debug|Any CPU
		{C8A95CEC-DE6D-4BB3-94A7-AFB67A3E4722}.Release|Any CPU.ActiveCfg = Release|Any CPU
		{C8A95CEC-DE6D-4BB3-94A7-AFB67A3E4722}.Release|Any CPU.Build.0 = Release|Any CPU
		{929CF8F9-56BA-45C5-9B44-BF8ADD91BF66}.Debug|Any CPU.ActiveCfg = Debug|Any CPU
		{929CF8F9-56BA-45C5-9B44-BF8ADD91BF66}.Debug|Any CPU.Build.0 = Debug|Any CPU
		{929CF8F9-56BA-45C5-9B44-BF8ADD91BF66}.Release|Any CPU.ActiveCfg = Release|Any CPU
		{929CF8F9-56BA-45C5-9B44-BF8ADD91BF66}.Release|Any CPU.Build.0 = Release|Any CPU
	EndGlobalSection
	GlobalSection(SolutionProperties) = preSolution
		HideSolutionNode = FALSE
	EndGlobalSection
	GlobalSection(ExtensibilityGlobals) = postSolution
		SolutionGuid = {DD32082D-3555-4120-A06C-91EB266B0B08}
	EndGlobalSection
EndGlobal
