
Microsoft Visual Studio Solution File, Format Version 12.00
# Visual Studio Version 16
VisualStudioVersion = 16.0.31112.23
MinimumVisualStudioVersion = 10.0.40219.1
Project("{FAE04EC0-301F-11D3-BF4B-00C04F79EFBC}") = "Hangman", "Hangman.csproj", "{C75F5815-4A66-46E9-96C0-1D3A274A314D}"
EndProject
Global
	GlobalSection(SolutionConfigurationPlatforms) = preSolution
		Debug|Any CPU = Debug|Any CPU
		Release|Any CPU = Release|Any CPU
	EndGlobalSection
	GlobalSection(ProjectConfigurationPlatforms) = postSolution
		{C75F5815-4A66-46E9-96C0-1D3A274A314D}.Debug|Any CPU.ActiveCfg = Debug|Any CPU
		{C75F5815-4A66-46E9-96C0-1D3A274A314D}.Debug|Any CPU.Build.0 = Debug|Any CPU
		{C75F5815-4A66-46E9-96C0-1D3A274A314D}.Release|Any CPU.ActiveCfg = Release|Any CPU
		{C75F5815-4A66-46E9-96C0-1D3A274A314D}.Release|Any CPU.Build.0 = Release|Any CPU
	EndGlobalSection
	GlobalSection(SolutionProperties) = preSolution
		HideSolutionNode = FALSE
	EndGlobalSection
	GlobalSection(ExtensibilityGlobals) = postSolution
		SolutionGuid = {87B67BA0-22E4-4CC7-B12C-670E57B02EFC}
	EndGlobalSection
EndGlobal
